
Microsoft Visual Studio Solution File, Format Version 12.00
# Visual Studio 15
VisualStudioVersion = 15.0.28307.1062
MinimumVisualStudioVersion = 10.0.40219.1
Project("{FAE04EC0-301F-11D3-BF4B-00C04F79EFBC}") = "Calculator", "Calculator\Calculator.csproj", "{349DAF70-AB61-4E47-8CB4-290FFC0AB856}"
EndProject
Project("{FAE04EC0-301F-11D3-BF4B-00C04F79EFBC}") = "Calculator.Test", "Calculator.Test\Calculator.Test.csproj", "{3AFF0917-A996-4D04-98B5-EC66435BF9DF}"
EndProject
Global
	GlobalSection(SolutionConfigurationPlatforms) = preSolution
		Debug|Any CPU = Debug|Any CPU
		Release|Any CPU = Release|Any CPU
	EndGlobalSection
	GlobalSection(ProjectConfigurationPlatforms) = postSolution
		{349DAF70-AB61-4E47-8CB4-290FFC0AB856}.Debug|Any CPU.ActiveCfg = Debug|Any CPU
		{349DAF70-AB61-4E47-8CB4-290FFC0AB856}.Debug|Any CPU.Build.0 = Debug|Any CPU
		{349DAF70-AB61-4E47-8CB4-290FFC0AB856}.Release|Any CPU.ActiveCfg = Release|Any CPU
		{349DAF70-AB61-4E47-8CB4-290FFC0AB856}.Release|Any CPU.Build.0 = Release|Any CPU
		{3AFF0917-A996-4D04-98B5-EC66435BF9DF}.Debug|Any CPU.ActiveCfg = Debug|Any CPU
		{3AFF0917-A996-4D04-98B5-EC66435BF9DF}.Debug|Any CPU.Build.0 = Debug|Any CPU
		{3AFF0917-A996-4D04-98B5-EC66435BF9DF}.Release|Any CPU.ActiveCfg = Release|Any CPU
		{3AFF0917-A996-4D04-98B5-EC66435BF9DF}.Release|Any CPU.Build.0 = Release|Any CPU
	EndGlobalSection
	GlobalSection(SolutionProperties) = preSolution
		HideSolutionNode = FALSE
	EndGlobalSection
	GlobalSection(ExtensibilityGlobals) = postSolution
		SolutionGuid = {78C159D4-F41A-4673-A625-9D96481286BD}
	EndGlobalSection
EndGlobal
